
Microsoft Visual Studio Solution File, Format Version 12.00
# Visual Studio Version 17
VisualStudioVersion = 17.10.34902.84
MinimumVisualStudioVersion = 10.0.40219.1
Project("{2150E333-8FDC-42A3-9474-1A3956D46DE8}") = "Infrastructures", "Infrastructures", "{86440476-4117-4409-8C1D-9C0744C5E567}"
EndProject
Project("{2150E333-8FDC-42A3-9474-1A3956D46DE8}") = "Presentations", "Presentations", "{11785145-B5BC-41E9-8A23-B8DF1B65B1BD}"
EndProject
Project("{2150E333-8FDC-42A3-9474-1A3956D46DE8}") = "Services", "Services", "{A8B7E5D4-83C4-4816-82DB-FF79CBD0B8C1}"
EndProject
Project("{2150E333-8FDC-42A3-9474-1A3956D46DE8}") = "Auth", "Auth", "{6B75F8B4-F04C-46CB-95F0-3802E67C7417}"
EndProject
Project("{9A19103F-16F7-4668-BE54-9A1E7A4F7556}") = "Server.ChatApp", "Presentations\Server.ChatApp\Server.ChatApp.csproj", "{01627630-7DB1-47E7-834A-5E251C2E8473}"
EndProject
Project("{9A19103F-16F7-4668-BE54-9A1E7A4F7556}") = "Infra.EFCore", "Infrastructures\Infra.EFCore\Infra.EFCore.csproj", "{23B76DF5-2CD9-45A0-B898-ED7A7463F80C}"
EndProject
Project("{2150E333-8FDC-42A3-9474-1A3956D46DE8}") = "Shared", "Shared", "{CAB912C0-3752-4E91-91BC-60B1BB6803C3}"
EndProject
Project("{9A19103F-16F7-4668-BE54-9A1E7A4F7556}") = "Shared.Server", "Shared.Server\Shared.Server.csproj", "{2D009EA1-0285-4E77-8474-FA8BCEF5F498}"
EndProject
Project("{9A19103F-16F7-4668-BE54-9A1E7A4F7556}") = "Client.ChatApp", "Presentations\Client.ChatApp\Client.ChatApp.csproj", "{D79022A3-4E5B-4699-A99E-662E5244ABAB}"
EndProject
Project("{2150E333-8FDC-42A3-9474-1A3956D46DE8}") = "Chats", "Chats", "{5F2E150A-9741-4593-8EE4-8BD9B9B08F63}"
EndProject
Project("{9A19103F-16F7-4668-BE54-9A1E7A4F7556}") = "Apps.Chats", "Services\Chats\Apps.Chats\Apps.Chats.csproj", "{C1C8C9EE-CC36-478B-AFEC-6AB1C38B5F80}"
EndProject
Project("{9A19103F-16F7-4668-BE54-9A1E7A4F7556}") = "Domains.Chats", "Services\Chats\Domains.Chats\Domains.Chats.csproj", "{32AAAA6A-E36D-4BAC-B584-703505E032B8}"
EndProject
Project("{9A19103F-16F7-4668-BE54-9A1E7A4F7556}") = "Apps.Auth", "Services\Auth\Apps.Auth\Apps.Auth.csproj", "{109BF116-437C-4AF2-86C8-A3C382798F31}"
EndProject
Project("{9A19103F-16F7-4668-BE54-9A1E7A4F7556}") = "Domains.Auth", "Services\Auth\Domains.Auth\Domains.Auth.csproj", "{59A10B6F-998B-4362-9A3D-76A6290E8EC7}"
EndProject
Project("{9A19103F-16F7-4668-BE54-9A1E7A4F7556}") = "UnitOfWorks", "Shared\UnitOfWorks\UnitOfWorks.csproj", "{09D86E9C-B056-4F44-8B72-866086C22903}"
EndProject
Project("{2150E333-8FDC-42A3-9474-1A3956D46DE8}") = "0_Tests", "0_Tests", "{F3FACDC3-4128-4240-A813-7750EECAF1C0}"
EndProject
Project("{2150E333-8FDC-42A3-9474-1A3956D46DE8}") = "UnitTests", "UnitTests", "{6B521451-653F-431B-B3A4-7A28200C9CD2}"
EndProject
Project("{2150E333-8FDC-42A3-9474-1A3956D46DE8}") = "Cores", "Cores", "{05E29345-5120-4CCC-A689-2CE973C85D61}"
EndProject
Project("{9A19103F-16F7-4668-BE54-9A1E7A4F7556}") = "UNTests.Domains.Chats", "0_Tests\UnitTests\Cores\UNTests.Domains.Chats\UNTests.Domains.Chats.csproj", "{165D1824-8829-4EFB-8968-886E283A17B6}"
EndProject
Project("{FAE04EC0-301F-11D3-BF4B-00C04F79EFBC}") = "UNTests.Apps.Chats", "0_Tests\UnitTests\Cores\UNTests.Apps.Chats\UNTests.Apps.Chats.csproj", "{2C8CBC7B-8556-4BBC-A5F1-5FE7BB2C10CF}"
EndProject
Global
	GlobalSection(SolutionConfigurationPlatforms) = preSolution
		Debug|Any CPU = Debug|Any CPU
		Release|Any CPU = Release|Any CPU
	EndGlobalSection
	GlobalSection(ProjectConfigurationPlatforms) = postSolution
		{01627630-7DB1-47E7-834A-5E251C2E8473}.Debug|Any CPU.ActiveCfg = Debug|Any CPU
		{01627630-7DB1-47E7-834A-5E251C2E8473}.Debug|Any CPU.Build.0 = Debug|Any CPU
		{01627630-7DB1-47E7-834A-5E251C2E8473}.Release|Any CPU.ActiveCfg = Release|Any CPU
		{01627630-7DB1-47E7-834A-5E251C2E8473}.Release|Any CPU.Build.0 = Release|Any CPU
		{23B76DF5-2CD9-45A0-B898-ED7A7463F80C}.Debug|Any CPU.ActiveCfg = Debug|Any CPU
		{23B76DF5-2CD9-45A0-B898-ED7A7463F80C}.Debug|Any CPU.Build.0 = Debug|Any CPU
		{23B76DF5-2CD9-45A0-B898-ED7A7463F80C}.Release|Any CPU.ActiveCfg = Release|Any CPU
		{23B76DF5-2CD9-45A0-B898-ED7A7463F80C}.Release|Any CPU.Build.0 = Release|Any CPU
		{2D009EA1-0285-4E77-8474-FA8BCEF5F498}.Debug|Any CPU.ActiveCfg = Debug|Any CPU
		{2D009EA1-0285-4E77-8474-FA8BCEF5F498}.Debug|Any CPU.Build.0 = Debug|Any CPU
		{2D009EA1-0285-4E77-8474-FA8BCEF5F498}.Release|Any CPU.ActiveCfg = Release|Any CPU
		{2D009EA1-0285-4E77-8474-FA8BCEF5F498}.Release|Any CPU.Build.0 = Release|Any CPU
		{D79022A3-4E5B-4699-A99E-662E5244ABAB}.Debug|Any CPU.ActiveCfg = Debug|Any CPU
		{D79022A3-4E5B-4699-A99E-662E5244ABAB}.Debug|Any CPU.Build.0 = Debug|Any CPU
		{D79022A3-4E5B-4699-A99E-662E5244ABAB}.Release|Any CPU.ActiveCfg = Release|Any CPU
		{D79022A3-4E5B-4699-A99E-662E5244ABAB}.Release|Any CPU.Build.0 = Release|Any CPU
		{C1C8C9EE-CC36-478B-AFEC-6AB1C38B5F80}.Debug|Any CPU.ActiveCfg = Debug|Any CPU
		{C1C8C9EE-CC36-478B-AFEC-6AB1C38B5F80}.Debug|Any CPU.Build.0 = Debug|Any CPU
		{C1C8C9EE-CC36-478B-AFEC-6AB1C38B5F80}.Release|Any CPU.ActiveCfg = Release|Any CPU
		{C1C8C9EE-CC36-478B-AFEC-6AB1C38B5F80}.Release|Any CPU.Build.0 = Release|Any CPU
		{32AAAA6A-E36D-4BAC-B584-703505E032B8}.Debug|Any CPU.ActiveCfg = Debug|Any CPU
		{32AAAA6A-E36D-4BAC-B584-703505E032B8}.Debug|Any CPU.Build.0 = Debug|Any CPU
		{32AAAA6A-E36D-4BAC-B584-703505E032B8}.Release|Any CPU.ActiveCfg = Release|Any CPU
		{32AAAA6A-E36D-4BAC-B584-703505E032B8}.Release|Any CPU.Build.0 = Release|Any CPU
		{109BF116-437C-4AF2-86C8-A3C382798F31}.Debug|Any CPU.ActiveCfg = Debug|Any CPU
		{109BF116-437C-4AF2-86C8-A3C382798F31}.Debug|Any CPU.Build.0 = Debug|Any CPU
		{109BF116-437C-4AF2-86C8-A3C382798F31}.Release|Any CPU.ActiveCfg = Release|Any CPU
		{109BF116-437C-4AF2-86C8-A3C382798F31}.Release|Any CPU.Build.0 = Release|Any CPU
		{59A10B6F-998B-4362-9A3D-76A6290E8EC7}.Debug|Any CPU.ActiveCfg = Debug|Any CPU
		{59A10B6F-998B-4362-9A3D-76A6290E8EC7}.Debug|Any CPU.Build.0 = Debug|Any CPU
		{59A10B6F-998B-4362-9A3D-76A6290E8EC7}.Release|Any CPU.ActiveCfg = Release|Any CPU
		{59A10B6F-998B-4362-9A3D-76A6290E8EC7}.Release|Any CPU.Build.0 = Release|Any CPU
		{09D86E9C-B056-4F44-8B72-866086C22903}.Debug|Any CPU.ActiveCfg = Debug|Any CPU
		{09D86E9C-B056-4F44-8B72-866086C22903}.Debug|Any CPU.Build.0 = Debug|Any CPU
		{09D86E9C-B056-4F44-8B72-866086C22903}.Release|Any CPU.ActiveCfg = Release|Any CPU
		{09D86E9C-B056-4F44-8B72-866086C22903}.Release|Any CPU.Build.0 = Release|Any CPU
		{165D1824-8829-4EFB-8968-886E283A17B6}.Debug|Any CPU.ActiveCfg = Debug|Any CPU
		{165D1824-8829-4EFB-8968-886E283A17B6}.Debug|Any CPU.Build.0 = Debug|Any CPU
		{165D1824-8829-4EFB-8968-886E283A17B6}.Release|Any CPU.ActiveCfg = Release|Any CPU
		{165D1824-8829-4EFB-8968-886E283A17B6}.Release|Any CPU.Build.0 = Release|Any CPU
		{2C8CBC7B-8556-4BBC-A5F1-5FE7BB2C10CF}.Debug|Any CPU.ActiveCfg = Debug|Any CPU
		{2C8CBC7B-8556-4BBC-A5F1-5FE7BB2C10CF}.Debug|Any CPU.Build.0 = Debug|Any CPU
		{2C8CBC7B-8556-4BBC-A5F1-5FE7BB2C10CF}.Release|Any CPU.ActiveCfg = Release|Any CPU
		{2C8CBC7B-8556-4BBC-A5F1-5FE7BB2C10CF}.Release|Any CPU.Build.0 = Release|Any CPU
	EndGlobalSection
	GlobalSection(SolutionProperties) = preSolution
		HideSolutionNode = FALSE
	EndGlobalSection
	GlobalSection(NestedProjects) = preSolution
		{6B75F8B4-F04C-46CB-95F0-3802E67C7417} = {A8B7E5D4-83C4-4816-82DB-FF79CBD0B8C1}
		{01627630-7DB1-47E7-834A-5E251C2E8473} = {11785145-B5BC-41E9-8A23-B8DF1B65B1BD}
		{23B76DF5-2CD9-45A0-B898-ED7A7463F80C} = {86440476-4117-4409-8C1D-9C0744C5E567}
		{2D009EA1-0285-4E77-8474-FA8BCEF5F498} = {CAB912C0-3752-4E91-91BC-60B1BB6803C3}
		{D79022A3-4E5B-4699-A99E-662E5244ABAB} = {11785145-B5BC-41E9-8A23-B8DF1B65B1BD}
		{5F2E150A-9741-4593-8EE4-8BD9B9B08F63} = {A8B7E5D4-83C4-4816-82DB-FF79CBD0B8C1}
		{C1C8C9EE-CC36-478B-AFEC-6AB1C38B5F80} = {5F2E150A-9741-4593-8EE4-8BD9B9B08F63}
		{32AAAA6A-E36D-4BAC-B584-703505E032B8} = {5F2E150A-9741-4593-8EE4-8BD9B9B08F63}
		{109BF116-437C-4AF2-86C8-A3C382798F31} = {6B75F8B4-F04C-46CB-95F0-3802E67C7417}
		{59A10B6F-998B-4362-9A3D-76A6290E8EC7} = {6B75F8B4-F04C-46CB-95F0-3802E67C7417}
		{09D86E9C-B056-4F44-8B72-866086C22903} = {CAB912C0-3752-4E91-91BC-60B1BB6803C3}
		{6B521451-653F-431B-B3A4-7A28200C9CD2} = {F3FACDC3-4128-4240-A813-7750EECAF1C0}
		{05E29345-5120-4CCC-A689-2CE973C85D61} = {6B521451-653F-431B-B3A4-7A28200C9CD2}
		{165D1824-8829-4EFB-8968-886E283A17B6} = {05E29345-5120-4CCC-A689-2CE973C85D61}
		{2C8CBC7B-8556-4BBC-A5F1-5FE7BB2C10CF} = {05E29345-5120-4CCC-A689-2CE973C85D61}
	EndGlobalSection
	GlobalSection(ExtensibilityGlobals) = postSolution
		SolutionGuid = {805E4084-9882-4630-A7A3-50F31B330B50}
	EndGlobalSection
EndGlobal
