
Microsoft Visual Studio Solution File, Format Version 12.00
# Visual Studio Version 17
VisualStudioVersion = 17.10.34902.84
MinimumVisualStudioVersion = 10.0.40219.1
Project("{2150E333-8FDC-42A3-9474-1A3956D46DE8}") = "Infrastructures", "Infrastructures", "{86440476-4117-4409-8C1D-9C0744C5E567}"
EndProject
Project("{2150E333-8FDC-42A3-9474-1A3956D46DE8}") = "Presentations", "Presentations", "{11785145-B5BC-41E9-8A23-B8DF1B65B1BD}"
EndProject
Project("{2150E333-8FDC-42A3-9474-1A3956D46DE8}") = "Services", "Services", "{A8B7E5D4-83C4-4816-82DB-FF79CBD0B8C1}"
EndProject
Project("{2150E333-8FDC-42A3-9474-1A3956D46DE8}") = "Auth", "Auth", "{6B75F8B4-F04C-46CB-95F0-3802E67C7417}"
EndProject
Project("{2150E333-8FDC-42A3-9474-1A3956D46DE8}") = "ChatService", "ChatService", "{19351151-D11D-4ACF-9051-57E25FEBDA75}"
EndProject
Project("{2150E333-8FDC-42A3-9474-1A3956D46DE8}") = "Applications", "Applications", "{C3A1F9E8-7684-434F-BF01-B11DBB969C90}"
EndProject
Project("{2150E333-8FDC-42A3-9474-1A3956D46DE8}") = "Applications", "Applications", "{20DCAE6B-E682-4EE3-8FE8-F66969A9A0FA}"
EndProject
Project("{2150E333-8FDC-42A3-9474-1A3956D46DE8}") = "Domains", "Domains", "{3CF7498A-94AA-4686-93E7-7314E5A2E698}"
EndProject
Project("{2150E333-8FDC-42A3-9474-1A3956D46DE8}") = "Domains", "Domains", "{340577DE-CBC9-4755-8C5A-89CD5E743256}"
EndProject
Project("{9A19103F-16F7-4668-BE54-9A1E7A4F7556}") = "Domain.Auth", "Services\Auth\Domains\Domain.Auth\Domain.Auth.csproj", "{0605E41E-D112-461B-B190-2B6D83B20915}"
EndProject
Project("{9A19103F-16F7-4668-BE54-9A1E7A4F7556}") = "Apps.Auth", "Services\Auth\Applications\Apps.Auth\Apps.Auth.csproj", "{A4D30A3C-D855-4FE2-824B-98EFC84139D5}"
EndProject
Project("{9A19103F-16F7-4668-BE54-9A1E7A4F7556}") = "Server.ChatApp", "Presentations\Server.ChatApp\Server.ChatApp.csproj", "{01627630-7DB1-47E7-834A-5E251C2E8473}"
EndProject
Project("{9A19103F-16F7-4668-BE54-9A1E7A4F7556}") = "Infra.EFCore", "Infrastructures\Infra.EFCore\Infra.EFCore.csproj", "{23B76DF5-2CD9-45A0-B898-ED7A7463F80C}"
EndProject
Project("{2150E333-8FDC-42A3-9474-1A3956D46DE8}") = "Shared", "Shared", "{CAB912C0-3752-4E91-91BC-60B1BB6803C3}"
EndProject
Project("{9A19103F-16F7-4668-BE54-9A1E7A4F7556}") = "Shared.Server", "Shared.Server\Shared.Server.csproj", "{2D009EA1-0285-4E77-8474-FA8BCEF5F498}"
EndProject
Project("{9A19103F-16F7-4668-BE54-9A1E7A4F7556}") = "Client.ChatApp", "Presentations\Client.ChatApp\Client.ChatApp.csproj", "{D79022A3-4E5B-4699-A99E-662E5244ABAB}"
EndProject
Global
	GlobalSection(SolutionConfigurationPlatforms) = preSolution
		Debug|Any CPU = Debug|Any CPU
		Release|Any CPU = Release|Any CPU
	EndGlobalSection
	GlobalSection(ProjectConfigurationPlatforms) = postSolution
		{0605E41E-D112-461B-B190-2B6D83B20915}.Debug|Any CPU.ActiveCfg = Debug|Any CPU
		{0605E41E-D112-461B-B190-2B6D83B20915}.Debug|Any CPU.Build.0 = Debug|Any CPU
		{0605E41E-D112-461B-B190-2B6D83B20915}.Release|Any CPU.ActiveCfg = Release|Any CPU
		{0605E41E-D112-461B-B190-2B6D83B20915}.Release|Any CPU.Build.0 = Release|Any CPU
		{A4D30A3C-D855-4FE2-824B-98EFC84139D5}.Debug|Any CPU.ActiveCfg = Debug|Any CPU
		{A4D30A3C-D855-4FE2-824B-98EFC84139D5}.Debug|Any CPU.Build.0 = Debug|Any CPU
		{A4D30A3C-D855-4FE2-824B-98EFC84139D5}.Release|Any CPU.ActiveCfg = Release|Any CPU
		{A4D30A3C-D855-4FE2-824B-98EFC84139D5}.Release|Any CPU.Build.0 = Release|Any CPU
		{01627630-7DB1-47E7-834A-5E251C2E8473}.Debug|Any CPU.ActiveCfg = Debug|Any CPU
		{01627630-7DB1-47E7-834A-5E251C2E8473}.Debug|Any CPU.Build.0 = Debug|Any CPU
		{01627630-7DB1-47E7-834A-5E251C2E8473}.Release|Any CPU.ActiveCfg = Release|Any CPU
		{01627630-7DB1-47E7-834A-5E251C2E8473}.Release|Any CPU.Build.0 = Release|Any CPU
		{23B76DF5-2CD9-45A0-B898-ED7A7463F80C}.Debug|Any CPU.ActiveCfg = Debug|Any CPU
		{23B76DF5-2CD9-45A0-B898-ED7A7463F80C}.Debug|Any CPU.Build.0 = Debug|Any CPU
		{23B76DF5-2CD9-45A0-B898-ED7A7463F80C}.Release|Any CPU.ActiveCfg = Release|Any CPU
		{23B76DF5-2CD9-45A0-B898-ED7A7463F80C}.Release|Any CPU.Build.0 = Release|Any CPU
		{2D009EA1-0285-4E77-8474-FA8BCEF5F498}.Debug|Any CPU.ActiveCfg = Debug|Any CPU
		{2D009EA1-0285-4E77-8474-FA8BCEF5F498}.Debug|Any CPU.Build.0 = Debug|Any CPU
		{2D009EA1-0285-4E77-8474-FA8BCEF5F498}.Release|Any CPU.ActiveCfg = Release|Any CPU
		{2D009EA1-0285-4E77-8474-FA8BCEF5F498}.Release|Any CPU.Build.0 = Release|Any CPU
		{D79022A3-4E5B-4699-A99E-662E5244ABAB}.Debug|Any CPU.ActiveCfg = Debug|Any CPU
		{D79022A3-4E5B-4699-A99E-662E5244ABAB}.Debug|Any CPU.Build.0 = Debug|Any CPU
		{D79022A3-4E5B-4699-A99E-662E5244ABAB}.Release|Any CPU.ActiveCfg = Release|Any CPU
		{D79022A3-4E5B-4699-A99E-662E5244ABAB}.Release|Any CPU.Build.0 = Release|Any CPU
	EndGlobalSection
	GlobalSection(SolutionProperties) = preSolution
		HideSolutionNode = FALSE
	EndGlobalSection
	GlobalSection(NestedProjects) = preSolution
		{6B75F8B4-F04C-46CB-95F0-3802E67C7417} = {A8B7E5D4-83C4-4816-82DB-FF79CBD0B8C1}
		{19351151-D11D-4ACF-9051-57E25FEBDA75} = {A8B7E5D4-83C4-4816-82DB-FF79CBD0B8C1}
		{C3A1F9E8-7684-434F-BF01-B11DBB969C90} = {6B75F8B4-F04C-46CB-95F0-3802E67C7417}
		{20DCAE6B-E682-4EE3-8FE8-F66969A9A0FA} = {19351151-D11D-4ACF-9051-57E25FEBDA75}
		{3CF7498A-94AA-4686-93E7-7314E5A2E698} = {6B75F8B4-F04C-46CB-95F0-3802E67C7417}
		{340577DE-CBC9-4755-8C5A-89CD5E743256} = {19351151-D11D-4ACF-9051-57E25FEBDA75}
		{0605E41E-D112-461B-B190-2B6D83B20915} = {3CF7498A-94AA-4686-93E7-7314E5A2E698}
		{A4D30A3C-D855-4FE2-824B-98EFC84139D5} = {C3A1F9E8-7684-434F-BF01-B11DBB969C90}
		{01627630-7DB1-47E7-834A-5E251C2E8473} = {11785145-B5BC-41E9-8A23-B8DF1B65B1BD}
		{23B76DF5-2CD9-45A0-B898-ED7A7463F80C} = {86440476-4117-4409-8C1D-9C0744C5E567}
		{2D009EA1-0285-4E77-8474-FA8BCEF5F498} = {CAB912C0-3752-4E91-91BC-60B1BB6803C3}
		{D79022A3-4E5B-4699-A99E-662E5244ABAB} = {11785145-B5BC-41E9-8A23-B8DF1B65B1BD}
	EndGlobalSection
	GlobalSection(ExtensibilityGlobals) = postSolution
		SolutionGuid = {805E4084-9882-4630-A7A3-50F31B330B50}
	EndGlobalSection
EndGlobal
