
Microsoft Visual Studio Solution File, Format Version 12.00
# Visual Studio Version 17
VisualStudioVersion = 17.10.34902.84
MinimumVisualStudioVersion = 10.0.40219.1
Project("{2150E333-8FDC-42A3-9474-1A3956D46DE8}") = "Presentations", "Presentations", "{11785145-B5BC-41E9-8A23-B8DF1B65B1BD}"
EndProject
Project("{2150E333-8FDC-42A3-9474-1A3956D46DE8}") = "Auth", "Auth", "{6B75F8B4-F04C-46CB-95F0-3802E67C7417}"
EndProject
Project("{2150E333-8FDC-42A3-9474-1A3956D46DE8}") = "Shared", "Shared", "{CAB912C0-3752-4E91-91BC-60B1BB6803C3}"
EndProject
Project("{2150E333-8FDC-42A3-9474-1A3956D46DE8}") = "Chats", "Chats", "{5F2E150A-9741-4593-8EE4-8BD9B9B08F63}"
EndProject
Project("{2150E333-8FDC-42A3-9474-1A3956D46DE8}") = "Tests", "Tests", "{F3FACDC3-4128-4240-A813-7750EECAF1C0}"
EndProject
Project("{2150E333-8FDC-42A3-9474-1A3956D46DE8}") = "UnitTests", "UnitTests", "{6B521451-653F-431B-B3A4-7A28200C9CD2}"
EndProject
Project("{2150E333-8FDC-42A3-9474-1A3956D46DE8}") = "Cores", "Cores", "{05E29345-5120-4CCC-A689-2CE973C85D61}"
EndProject
Project("{2150E333-8FDC-42A3-9474-1A3956D46DE8}") = "Src", "Src", "{285A96AD-A2F6-43C0-B0E2-0584B9414D6D}"
EndProject
Project("{2150E333-8FDC-42A3-9474-1A3956D46DE8}") = "Infra", "Infra", "{2D42DEF2-10E7-4626-A1EF-0101DB64A74F}"
EndProject
Project("{FAE04EC0-301F-11D3-BF4B-00C04F79EFBC}") = "Infra.SqlServerWithEF", "Src\Infra\Infra.SqlServerWithEF\Infra.SqlServerWithEF.csproj", "{73857EDB-6C7F-4FFB-B369-B0AE32A0DF1F}"
EndProject
Project("{2150E333-8FDC-42A3-9474-1A3956D46DE8}") = "Cores", "Cores", "{64886D30-45F6-404B-A6E9-23984050D21E}"
EndProject
Project("{FAE04EC0-301F-11D3-BF4B-00C04F79EFBC}") = "Apps.Auth", "Src\Cores\Auth\Apps.Auth\Apps.Auth.csproj", "{4C17473D-5717-4B60-9F70-62E585CC43A0}"
EndProject
Project("{FAE04EC0-301F-11D3-BF4B-00C04F79EFBC}") = "Domains.Auth", "Src\Cores\Auth\Domains.Auth\Domains.Auth.csproj", "{70706363-5D7D-4855-AA11-C9201571547D}"
EndProject
Project("{FAE04EC0-301F-11D3-BF4B-00C04F79EFBC}") = "Shared.Server", "Src\Shared\Shared.Server\Shared.Server.csproj", "{74555C02-82DB-4ED7-912F-925B80D12707}"
EndProject
Project("{FAE04EC0-301F-11D3-BF4B-00C04F79EFBC}") = "UnitOfWorks", "Src\Shared\UnitOfWorks\UnitOfWorks.csproj", "{D3FE5593-3C31-41CD-8E0A-87834B22FE40}"
EndProject
Project("{FAE04EC0-301F-11D3-BF4B-00C04F79EFBC}") = "Apps.Chats", "Src\Cores\Chats\Apps.Chats\Apps.Chats.csproj", "{DC141F89-0BAC-474A-88CB-3B116286679D}"
EndProject
Project("{FAE04EC0-301F-11D3-BF4B-00C04F79EFBC}") = "Domains.Chats", "Src\Cores\Chats\Domains.Chats\Domains.Chats.csproj", "{135A1F1C-EB71-458E-B5DE-DDCD40693896}"
EndProject
Project("{FAE04EC0-301F-11D3-BF4B-00C04F79EFBC}") = "Client.ChatApp", "Src\Presentations\Client.ChatApp\Client.ChatApp.csproj", "{253F0689-8DEB-48BE-85FA-A0454C9D3B86}"
EndProject
Project("{FAE04EC0-301F-11D3-BF4B-00C04F79EFBC}") = "Server.ChatApp", "Src\Presentations\Server.ChatApp\Server.ChatApp.csproj", "{E88AB557-BB05-48AA-9EC9-4E5396635ADE}"
EndProject
Project("{FAE04EC0-301F-11D3-BF4B-00C04F79EFBC}") = "UNTests.Apps.Chats", "Tests\UnitTests\Cores\UNTests.Apps.Chats\UNTests.Apps.Chats.csproj", "{0606B4C2-7BA6-481D-A8F8-244A05390EA7}"
EndProject
Project("{FAE04EC0-301F-11D3-BF4B-00C04F79EFBC}") = "UNTests.Domains.Chats", "Tests\UnitTests\Cores\UNTests.Domains.Chats\UNTests.Domains.Chats.csproj", "{CFA1357B-FE9A-4C29-B05B-714F7CE5E6DB}"
EndProject
Global
	GlobalSection(SolutionConfigurationPlatforms) = preSolution
		Debug|Any CPU = Debug|Any CPU
		Release|Any CPU = Release|Any CPU
	EndGlobalSection
	GlobalSection(ProjectConfigurationPlatforms) = postSolution
		{73857EDB-6C7F-4FFB-B369-B0AE32A0DF1F}.Debug|Any CPU.ActiveCfg = Debug|Any CPU
		{73857EDB-6C7F-4FFB-B369-B0AE32A0DF1F}.Debug|Any CPU.Build.0 = Debug|Any CPU
		{73857EDB-6C7F-4FFB-B369-B0AE32A0DF1F}.Release|Any CPU.ActiveCfg = Release|Any CPU
		{73857EDB-6C7F-4FFB-B369-B0AE32A0DF1F}.Release|Any CPU.Build.0 = Release|Any CPU
		{4C17473D-5717-4B60-9F70-62E585CC43A0}.Debug|Any CPU.ActiveCfg = Debug|Any CPU
		{4C17473D-5717-4B60-9F70-62E585CC43A0}.Debug|Any CPU.Build.0 = Debug|Any CPU
		{4C17473D-5717-4B60-9F70-62E585CC43A0}.Release|Any CPU.ActiveCfg = Release|Any CPU
		{4C17473D-5717-4B60-9F70-62E585CC43A0}.Release|Any CPU.Build.0 = Release|Any CPU
		{70706363-5D7D-4855-AA11-C9201571547D}.Debug|Any CPU.ActiveCfg = Debug|Any CPU
		{70706363-5D7D-4855-AA11-C9201571547D}.Debug|Any CPU.Build.0 = Debug|Any CPU
		{70706363-5D7D-4855-AA11-C9201571547D}.Release|Any CPU.ActiveCfg = Release|Any CPU
		{70706363-5D7D-4855-AA11-C9201571547D}.Release|Any CPU.Build.0 = Release|Any CPU
		{74555C02-82DB-4ED7-912F-925B80D12707}.Debug|Any CPU.ActiveCfg = Debug|Any CPU
		{74555C02-82DB-4ED7-912F-925B80D12707}.Debug|Any CPU.Build.0 = Debug|Any CPU
		{74555C02-82DB-4ED7-912F-925B80D12707}.Release|Any CPU.ActiveCfg = Release|Any CPU
		{74555C02-82DB-4ED7-912F-925B80D12707}.Release|Any CPU.Build.0 = Release|Any CPU
		{D3FE5593-3C31-41CD-8E0A-87834B22FE40}.Debug|Any CPU.ActiveCfg = Debug|Any CPU
		{D3FE5593-3C31-41CD-8E0A-87834B22FE40}.Debug|Any CPU.Build.0 = Debug|Any CPU
		{D3FE5593-3C31-41CD-8E0A-87834B22FE40}.Release|Any CPU.ActiveCfg = Release|Any CPU
		{D3FE5593-3C31-41CD-8E0A-87834B22FE40}.Release|Any CPU.Build.0 = Release|Any CPU
		{DC141F89-0BAC-474A-88CB-3B116286679D}.Debug|Any CPU.ActiveCfg = Debug|Any CPU
		{DC141F89-0BAC-474A-88CB-3B116286679D}.Debug|Any CPU.Build.0 = Debug|Any CPU
		{DC141F89-0BAC-474A-88CB-3B116286679D}.Release|Any CPU.ActiveCfg = Release|Any CPU
		{DC141F89-0BAC-474A-88CB-3B116286679D}.Release|Any CPU.Build.0 = Release|Any CPU
		{135A1F1C-EB71-458E-B5DE-DDCD40693896}.Debug|Any CPU.ActiveCfg = Debug|Any CPU
		{135A1F1C-EB71-458E-B5DE-DDCD40693896}.Debug|Any CPU.Build.0 = Debug|Any CPU
		{135A1F1C-EB71-458E-B5DE-DDCD40693896}.Release|Any CPU.ActiveCfg = Release|Any CPU
		{135A1F1C-EB71-458E-B5DE-DDCD40693896}.Release|Any CPU.Build.0 = Release|Any CPU
		{253F0689-8DEB-48BE-85FA-A0454C9D3B86}.Debug|Any CPU.ActiveCfg = Debug|Any CPU
		{253F0689-8DEB-48BE-85FA-A0454C9D3B86}.Debug|Any CPU.Build.0 = Debug|Any CPU
		{253F0689-8DEB-48BE-85FA-A0454C9D3B86}.Release|Any CPU.ActiveCfg = Release|Any CPU
		{253F0689-8DEB-48BE-85FA-A0454C9D3B86}.Release|Any CPU.Build.0 = Release|Any CPU
		{E88AB557-BB05-48AA-9EC9-4E5396635ADE}.Debug|Any CPU.ActiveCfg = Debug|Any CPU
		{E88AB557-BB05-48AA-9EC9-4E5396635ADE}.Debug|Any CPU.Build.0 = Debug|Any CPU
		{E88AB557-BB05-48AA-9EC9-4E5396635ADE}.Release|Any CPU.ActiveCfg = Release|Any CPU
		{E88AB557-BB05-48AA-9EC9-4E5396635ADE}.Release|Any CPU.Build.0 = Release|Any CPU
		{0606B4C2-7BA6-481D-A8F8-244A05390EA7}.Debug|Any CPU.ActiveCfg = Debug|Any CPU
		{0606B4C2-7BA6-481D-A8F8-244A05390EA7}.Debug|Any CPU.Build.0 = Debug|Any CPU
		{0606B4C2-7BA6-481D-A8F8-244A05390EA7}.Release|Any CPU.ActiveCfg = Release|Any CPU
		{0606B4C2-7BA6-481D-A8F8-244A05390EA7}.Release|Any CPU.Build.0 = Release|Any CPU
		{CFA1357B-FE9A-4C29-B05B-714F7CE5E6DB}.Debug|Any CPU.ActiveCfg = Debug|Any CPU
		{CFA1357B-FE9A-4C29-B05B-714F7CE5E6DB}.Debug|Any CPU.Build.0 = Debug|Any CPU
		{CFA1357B-FE9A-4C29-B05B-714F7CE5E6DB}.Release|Any CPU.ActiveCfg = Release|Any CPU
		{CFA1357B-FE9A-4C29-B05B-714F7CE5E6DB}.Release|Any CPU.Build.0 = Release|Any CPU
	EndGlobalSection
	GlobalSection(SolutionProperties) = preSolution
		HideSolutionNode = FALSE
	EndGlobalSection
	GlobalSection(NestedProjects) = preSolution
		{11785145-B5BC-41E9-8A23-B8DF1B65B1BD} = {285A96AD-A2F6-43C0-B0E2-0584B9414D6D}
		{6B75F8B4-F04C-46CB-95F0-3802E67C7417} = {64886D30-45F6-404B-A6E9-23984050D21E}
		{CAB912C0-3752-4E91-91BC-60B1BB6803C3} = {285A96AD-A2F6-43C0-B0E2-0584B9414D6D}
		{5F2E150A-9741-4593-8EE4-8BD9B9B08F63} = {64886D30-45F6-404B-A6E9-23984050D21E}
		{6B521451-653F-431B-B3A4-7A28200C9CD2} = {F3FACDC3-4128-4240-A813-7750EECAF1C0}
		{05E29345-5120-4CCC-A689-2CE973C85D61} = {6B521451-653F-431B-B3A4-7A28200C9CD2}
		{2D42DEF2-10E7-4626-A1EF-0101DB64A74F} = {285A96AD-A2F6-43C0-B0E2-0584B9414D6D}
		{73857EDB-6C7F-4FFB-B369-B0AE32A0DF1F} = {2D42DEF2-10E7-4626-A1EF-0101DB64A74F}
		{64886D30-45F6-404B-A6E9-23984050D21E} = {285A96AD-A2F6-43C0-B0E2-0584B9414D6D}
		{4C17473D-5717-4B60-9F70-62E585CC43A0} = {6B75F8B4-F04C-46CB-95F0-3802E67C7417}
		{70706363-5D7D-4855-AA11-C9201571547D} = {6B75F8B4-F04C-46CB-95F0-3802E67C7417}
		{74555C02-82DB-4ED7-912F-925B80D12707} = {CAB912C0-3752-4E91-91BC-60B1BB6803C3}
		{D3FE5593-3C31-41CD-8E0A-87834B22FE40} = {CAB912C0-3752-4E91-91BC-60B1BB6803C3}
		{DC141F89-0BAC-474A-88CB-3B116286679D} = {5F2E150A-9741-4593-8EE4-8BD9B9B08F63}
		{135A1F1C-EB71-458E-B5DE-DDCD40693896} = {5F2E150A-9741-4593-8EE4-8BD9B9B08F63}
		{253F0689-8DEB-48BE-85FA-A0454C9D3B86} = {11785145-B5BC-41E9-8A23-B8DF1B65B1BD}
		{E88AB557-BB05-48AA-9EC9-4E5396635ADE} = {11785145-B5BC-41E9-8A23-B8DF1B65B1BD}
		{0606B4C2-7BA6-481D-A8F8-244A05390EA7} = {05E29345-5120-4CCC-A689-2CE973C85D61}
		{CFA1357B-FE9A-4C29-B05B-714F7CE5E6DB} = {05E29345-5120-4CCC-A689-2CE973C85D61}
	EndGlobalSection
	GlobalSection(ExtensibilityGlobals) = postSolution
		SolutionGuid = {805E4084-9882-4630-A7A3-50F31B330B50}
	EndGlobalSection
EndGlobal
